{
  "requires": true,
  "lockfileVersion": 1,
  "dependencies": {
    "class-transformer": {
      "version": "0.4.0",
      "resolved": "https://registry.npmjs.org/class-transformer/-/class-transformer-0.4.0.tgz",
      "integrity": "sha512-ETWD/H2TbWbKEi7m9N4Km5+cw1hNcqJSxlSYhsLsNjQzWWiZIYA1zafxpK9PwVfaZ6AqR5rrjPVUBGESm5tQUA=="
    },
    "class-validators": {
      "version": "1.0.1",
      "resolved": "https://registry.npmjs.org/class-validators/-/class-validators-1.0.1.tgz",
      "integrity": "sha512-eZq3QmGore9AjzSifMv1K2UwLvNl/cKowp0mQDiYt3CdSnVw+70g1kcHO47s+4VD/T9dVi/MgtrZmXtFndL3vQ=="
    }
  }
}
